
Microsoft Visual Studio Solution File, Format Version 12.00
# Visual Studio Version 17
VisualStudioVersion = 17.5.33502.453
MinimumVisualStudioVersion = 10.0.40219.1
Project("{9A19103F-16F7-4668-BE54-9A1E7A4F7556}") = "RS_EasyExceptionHandling", "RS_EasyExceptionHandling\RS_EasyExceptionHandling.csproj", "{01C01AD6-E8E0-4C01-BCD2-02B77BA59865}"
EndProject
Project("{9A19103F-16F7-4668-BE54-9A1E7A4F7556}") = "TestWebApp", "TestWebApp\TestWebApp.csproj", "{4E4B8478-681C-4BDF-897E-CD65C996BACF}"
EndProject
Project("{FAE04EC0-301F-11D3-BF4B-00C04F79EFBC}") = "RS_EasyExceptionHandling7", "RS_EasyExceptionHandling7\RS_EasyExceptionHandling7.csproj", "{3311A0E6-E557-4C3F-A034-E6D8506FE023}"
EndProject
Project("{FAE04EC0-301F-11D3-BF4B-00C04F79EFBC}") = "WebTest7", "WebTest7\WebTest7.csproj", "{EC836F50-E61A-4AA2-8A6F-5C6FC17E69A0}"
EndProject
Global
	GlobalSection(SolutionConfigurationPlatforms) = preSolution
		Debug|Any CPU = Debug|Any CPU
		Release|Any CPU = Release|Any CPU
	EndGlobalSection
	GlobalSection(ProjectConfigurationPlatforms) = postSolution
		{01C01AD6-E8E0-4C01-BCD2-02B77BA59865}.Debug|Any CPU.ActiveCfg = Debug|Any CPU
		{01C01AD6-E8E0-4C01-BCD2-02B77BA59865}.Debug|Any CPU.Build.0 = Debug|Any CPU
		{01C01AD6-E8E0-4C01-BCD2-02B77BA59865}.Release|Any CPU.ActiveCfg = Release|Any CPU
		{01C01AD6-E8E0-4C01-BCD2-02B77BA59865}.Release|Any CPU.Build.0 = Release|Any CPU
		{4E4B8478-681C-4BDF-897E-CD65C996BACF}.Debug|Any CPU.ActiveCfg = Debug|Any CPU
		{4E4B8478-681C-4BDF-897E-CD65C996BACF}.Debug|Any CPU.Build.0 = Debug|Any CPU
		{4E4B8478-681C-4BDF-897E-CD65C996BACF}.Release|Any CPU.ActiveCfg = Release|Any CPU
		{4E4B8478-681C-4BDF-897E-CD65C996BACF}.Release|Any CPU.Build.0 = Release|Any CPU
		{3311A0E6-E557-4C3F-A034-E6D8506FE023}.Debug|Any CPU.ActiveCfg = Debug|Any CPU
		{3311A0E6-E557-4C3F-A034-E6D8506FE023}.Debug|Any CPU.Build.0 = Debug|Any CPU
		{3311A0E6-E557-4C3F-A034-E6D8506FE023}.Release|Any CPU.ActiveCfg = Release|Any CPU
		{3311A0E6-E557-4C3F-A034-E6D8506FE023}.Release|Any CPU.Build.0 = Release|Any CPU
		{EC836F50-E61A-4AA2-8A6F-5C6FC17E69A0}.Debug|Any CPU.ActiveCfg = Debug|Any CPU
		{EC836F50-E61A-4AA2-8A6F-5C6FC17E69A0}.Debug|Any CPU.Build.0 = Debug|Any CPU
		{EC836F50-E61A-4AA2-8A6F-5C6FC17E69A0}.Release|Any CPU.ActiveCfg = Release|Any CPU
		{EC836F50-E61A-4AA2-8A6F-5C6FC17E69A0}.Release|Any CPU.Build.0 = Release|Any CPU
	EndGlobalSection
	GlobalSection(SolutionProperties) = preSolution
		HideSolutionNode = FALSE
	EndGlobalSection
	GlobalSection(ExtensibilityGlobals) = postSolution
		SolutionGuid = {13C61CE4-66D2-4A54-9CD6-EE94D36A3677}
	EndGlobalSection
EndGlobal
